
Microsoft Visual Studio Solution File, Format Version 12.00
# Visual Studio Version 17
VisualStudioVersion = 17.5.002.0
MinimumVisualStudioVersion = 10.0.40219.1
Project("{9A19103F-16F7-4668-BE54-9A1E7A4F7556}") = "CwkSocial.Api", "CwkSocial.Api\CwkSocial.Api.csproj", "{FC7D9D79-A38E-46C5-A225-B34CD8F397F0}"
EndProject
Global
	GlobalSection(SolutionConfigurationPlatforms) = preSolution
		Debug|Any CPU = Debug|Any CPU
		Release|Any CPU = Release|Any CPU
	EndGlobalSection
	GlobalSection(ProjectConfigurationPlatforms) = postSolution
		{FC7D9D79-A38E-46C5-A225-B34CD8F397F0}.Debug|Any CPU.ActiveCfg = Debug|Any CPU
		{FC7D9D79-A38E-46C5-A225-B34CD8F397F0}.Debug|Any CPU.Build.0 = Debug|Any CPU
		{FC7D9D79-A38E-46C5-A225-B34CD8F397F0}.Release|Any CPU.ActiveCfg = Release|Any CPU
		{FC7D9D79-A38E-46C5-A225-B34CD8F397F0}.Release|Any CPU.Build.0 = Release|Any CPU
	EndGlobalSection
	GlobalSection(SolutionProperties) = preSolution
		HideSolutionNode = FALSE
	EndGlobalSection
	GlobalSection(ExtensibilityGlobals) = postSolution
		SolutionGuid = {1E3E71EC-BF91-446A-8ECF-39B7CCDD8622}
	EndGlobalSection
EndGlobal
